
Microsoft Visual Studio Solution File, Format Version 12.00
# Visual Studio Version 16
VisualStudioVersion = 16.0.33214.272
MinimumVisualStudioVersion = 10.0.40219.1
Project("{FAE04EC0-301F-11D3-BF4B-00C04F79EFBC}") = "WindowsFormsApp1", "WindowsFormsApp1.csproj", "{6EAE35CB-961D-473E-AA38-0FD1D6980DB1}"
EndProject
Global
	GlobalSection(SolutionConfigurationPlatforms) = preSolution
		Debug|Any CPU = Debug|Any CPU
		Release|Any CPU = Release|Any CPU
	EndGlobalSection
	GlobalSection(ProjectConfigurationPlatforms) = postSolution
		{6EAE35CB-961D-473E-AA38-0FD1D6980DB1}.Debug|Any CPU.ActiveCfg = Debug|Any CPU
		{6EAE35CB-961D-473E-AA38-0FD1D6980DB1}.Debug|Any CPU.Build.0 = Debug|Any CPU
		{6EAE35CB-961D-473E-AA38-0FD1D6980DB1}.Release|Any CPU.ActiveCfg = Release|Any CPU
		{6EAE35CB-961D-473E-AA38-0FD1D6980DB1}.Release|Any CPU.Build.0 = Release|Any CPU
	EndGlobalSection
	GlobalSection(SolutionProperties) = preSolution
		HideSolutionNode = FALSE
	EndGlobalSection
	GlobalSection(ExtensibilityGlobals) = postSolution
		SolutionGuid = {CBAA7DD7-A2A4-454D-9F8E-0CC4F5A5BA26}
	EndGlobalSection
EndGlobal
